// !$*UTF8*$!
{
	archiveVersion = 1;
	classes = {
	};
	objectVersion = 46;
	objects = {

/* Begin PBXBuildFile section */
		4E08B094194AD259005C98E9 /* SettingsViewController.m in Sources */ = {isa = PBXBuildFile; fileRef = 4E08B093194AD259005C98E9 /* SettingsViewController.m */; };
		4E08B097194AE1BC005C98E9 /* RegistrationViewController.m in Sources */ = {isa = PBXBuildFile; fileRef = 4E08B096194AE1BC005C98E9 /* RegistrationViewController.m */; };
		4E2159A4194A670300884823 /* help button.png in Resources */ = {isa = PBXBuildFile; fileRef = 4E2159A0194A670300884823 /* help button.png */; };
		4E2159A5194A670300884823 /* main menu - ios.psd in Resources */ = {isa = PBXBuildFile; fileRef = 4E2159A1194A670300884823 /* main menu - ios.psd */; };
		4E2159A6194A670300884823 /* settings button.png in Resources */ = {isa = PBXBuildFile; fileRef = 4E2159A2194A670300884823 /* settings button.png */; };
		4E2159A7194A670300884823 /* start monitoring button.png in Resources */ = {isa = PBXBuildFile; fileRef = 4E2159A3194A670300884823 /* start monitoring button.png */; };
		4E2159A9194A67E200884823 /* register sensor button.png in Resources */ = {isa = PBXBuildFile; fileRef = 4E2159A8194A67E200884823 /* register sensor button.png */; };
		4E246C60194A52AA0072898C /* MainMenuViewController.m in Sources */ = {isa = PBXBuildFile; fileRef = 4E246C5F194A52AA0072898C /* MainMenuViewController.m */; };
		4E90E2421946E9BE00D5E376 /* CameraMonitorViewController.bkp.m in Sources */ = {isa = PBXBuildFile; fileRef = 4E90E2411946E9BE00D5E376 /* CameraMonitorViewController.bkp.m */; };
		4E90E2451946F25200D5E376 /* CameraMonitorViewController.m in Sources */ = {isa = PBXBuildFile; fileRef = 4E90E2441946F25200D5E376 /* CameraMonitorViewController.m */; };
		4E90E2471946F26D00D5E376 /* CoreMedia.framework in Frameworks */ = {isa = PBXBuildFile; fileRef = 4E90E2461946F26D00D5E376 /* CoreMedia.framework */; };
		4E90E2491946F27300D5E376 /* CoreVideo.framework in Frameworks */ = {isa = PBXBuildFile; fileRef = 4E90E2481946F27300D5E376 /* CoreVideo.framework */; };
		4E90E24B1946F27700D5E376 /* OpenGLES.framework in Frameworks */ = {isa = PBXBuildFile; fileRef = 4E90E24A1946F27700D5E376 /* OpenGLES.framework */; };
		4E90E24D1946F28600D5E376 /* QuartzCore.framework in Frameworks */ = {isa = PBXBuildFile; fileRef = 4E90E24C1946F28600D5E376 /* QuartzCore.framework */; };
		4E90E25D1946F31400D5E376 /* libGPUImage.a in Frameworks */ = {isa = PBXBuildFile; fileRef = 4E90E2561946F2AF00D5E376 /* libGPUImage.a */; };
		4E90E25F1947AEE400D5E376 /* GLKit.framework in Frameworks */ = {isa = PBXBuildFile; fileRef = 4E90E25E1947AEE400D5E376 /* GLKit.framework */; };
		4E947C6D193611D3001AE3A7 /* Main.storyboard in Resources */ = {isa = PBXBuildFile; fileRef = 4E947C6C193611D3001AE3A7 /* Main.storyboard */; };
		4E9A2339192BFBDB005A0756 /* Foundation.framework in Frameworks */ = {isa = PBXBuildFile; fileRef = 4E9A2338192BFBDB005A0756 /* Foundation.framework */; };
		4E9A233B192BFBDB005A0756 /* CoreGraphics.framework in Frameworks */ = {isa = PBXBuildFile; fileRef = 4E9A233A192BFBDB005A0756 /* CoreGraphics.framework */; };
		4E9A233D192BFBDB005A0756 /* UIKit.framework in Frameworks */ = {isa = PBXBuildFile; fileRef = 4E9A233C192BFBDB005A0756 /* UIKit.framework */; };
		4E9A2343192BFBDB005A0756 /* InfoPlist.strings in Resources */ = {isa = PBXBuildFile; fileRef = 4E9A2341192BFBDB005A0756 /* InfoPlist.strings */; };
		4E9A2345192BFBDB005A0756 /* main.m in Sources */ = {isa = PBXBuildFile; fileRef = 4E9A2344192BFBDB005A0756 /* main.m */; };
		4E9A2349192BFBDB005A0756 /* AppDelegate.m in Sources */ = {isa = PBXBuildFile; fileRef = 4E9A2348192BFBDB005A0756 /* AppDelegate.m */; };
		4E9A234F192BFBDB005A0756 /* ViewController.m in Sources */ = {isa = PBXBuildFile; fileRef = 4E9A234E192BFBDB005A0756 /* ViewController.m */; };
		4E9A2351192BFBDB005A0756 /* Images.xcassets in Resources */ = {isa = PBXBuildFile; fileRef = 4E9A2350192BFBDB005A0756 /* Images.xcassets */; };
		4E9A2358192BFBDB005A0756 /* XCTest.framework in Frameworks */ = {isa = PBXBuildFile; fileRef = 4E9A2357192BFBDB005A0756 /* XCTest.framework */; };
		4E9A2359192BFBDB005A0756 /* Foundation.framework in Frameworks */ = {isa = PBXBuildFile; fileRef = 4E9A2338192BFBDB005A0756 /* Foundation.framework */; };
		4E9A235A192BFBDB005A0756 /* UIKit.framework in Frameworks */ = {isa = PBXBuildFile; fileRef = 4E9A233C192BFBDB005A0756 /* UIKit.framework */; };
		4E9A2362192BFBDB005A0756 /* InfoPlist.strings in Resources */ = {isa = PBXBuildFile; fileRef = 4E9A2360192BFBDB005A0756 /* InfoPlist.strings */; };
		4E9A2364192BFBDB005A0756 /* ChouFleurClientTests.m in Sources */ = {isa = PBXBuildFile; fileRef = 4E9A2363192BFBDB005A0756 /* ChouFleurClientTests.m */; };
		4E9A236E192BFD07005A0756 /* AVFoundation.framework in Frameworks */ = {isa = PBXBuildFile; fileRef = 4E9A236D192BFD07005A0756 /* AVFoundation.framework */; };
		4EE997AC194988B50086F5E4 /* passwordfield.png in Resources */ = {isa = PBXBuildFile; fileRef = 4EE997AB194988B50086F5E4 /* passwordfield.png */; };
		4EF60CE3194A9FD40023DAD1 /* camera.png in Resources */ = {isa = PBXBuildFile; fileRef = 4EF60CE1194A9FD40023DAD1 /* camera.png */; };
		4EF60CE4194A9FD40023DAD1 /* headphones.png in Resources */ = {isa = PBXBuildFile; fileRef = 4EF60CE2194A9FD40023DAD1 /* headphones.png */; };
/* End PBXBuildFile section */

/* Begin PBXContainerItemProxy section */
		4E90E2551946F2AF00D5E376 /* PBXContainerItemProxy */ = {
			isa = PBXContainerItemProxy;
			containerPortal = 4E90E24E1946F2AF00D5E376 /* GPUImage.xcodeproj */;
			proxyType = 2;
			remoteGlobalIDString = BCF1A33414DDB1EC00852800;
			remoteInfo = GPUImage;
		};
		4E90E2571946F2AF00D5E376 /* PBXContainerItemProxy */ = {
			isa = PBXContainerItemProxy;
			containerPortal = 4E90E24E1946F2AF00D5E376 /* GPUImage.xcodeproj */;
			proxyType = 2;
			remoteGlobalIDString = BCF1A34414DDB1EC00852800;
			remoteInfo = GPUImageTests;
		};
		4E90E25B1946F2FC00D5E376 /* PBXContainerItemProxy */ = {
			isa = PBXContainerItemProxy;
			containerPortal = 4E90E24E1946F2AF00D5E376 /* GPUImage.xcodeproj */;
			proxyType = 1;
			remoteGlobalIDString = BCF1A33314DDB1EC00852800;
			remoteInfo = GPUImage;
		};
		4E9A235B192BFBDB005A0756 /* PBXContainerItemProxy */ = {
			isa = PBXContainerItemProxy;
			containerPortal = 4E9A232D192BFBDB005A0756 /* Project object */;
			proxyType = 1;
			remoteGlobalIDString = 4E9A2334192BFBDB005A0756;
			remoteInfo = ChouFleurClient;
		};
/* End PBXContainerItemProxy section */

/* Begin PBXFileReference section */
		4E08B092194AD259005C98E9 /* SettingsViewController.h */ = {isa = PBXFileReference; fileEncoding = 4; lastKnownFileType = sourcecode.c.h; path = SettingsViewController.h; sourceTree = "<group>"; };
		4E08B093194AD259005C98E9 /* SettingsViewController.m */ = {isa = PBXFileReference; fileEncoding = 4; lastKnownFileType = sourcecode.c.objc; path = SettingsViewController.m; sourceTree = "<group>"; };
		4E08B095194AE1BC005C98E9 /* RegistrationViewController.h */ = {isa = PBXFileReference; fileEncoding = 4; lastKnownFileType = sourcecode.c.h; path = RegistrationViewController.h; sourceTree = "<group>"; };
		4E08B096194AE1BC005C98E9 /* RegistrationViewController.m */ = {isa = PBXFileReference; fileEncoding = 4; lastKnownFileType = sourcecode.c.objc; path = RegistrationViewController.m; sourceTree = "<group>"; };
		4E2159A0194A670300884823 /* help button.png */ = {isa = PBXFileReference; lastKnownFileType = image.png; path = "help button.png"; sourceTree = "<group>"; };
		4E2159A1194A670300884823 /* main menu - ios.psd */ = {isa = PBXFileReference; lastKnownFileType = file; path = "main menu - ios.psd"; sourceTree = "<group>"; };
		4E2159A2194A670300884823 /* settings button.png */ = {isa = PBXFileReference; lastKnownFileType = image.png; path = "settings button.png"; sourceTree = "<group>"; };
		4E2159A3194A670300884823 /* start monitoring button.png */ = {isa = PBXFileReference; lastKnownFileType = image.png; path = "start monitoring button.png"; sourceTree = "<group>"; };
		4E2159A8194A67E200884823 /* register sensor button.png */ = {isa = PBXFileReference; lastKnownFileType = image.png; path = "register sensor button.png"; sourceTree = "<group>"; };
		4E246C5E194A52AA0072898C /* MainMenuViewController.h */ = {isa = PBXFileReference; fileEncoding = 4; lastKnownFileType = sourcecode.c.h; path = MainMenuViewController.h; sourceTree = "<group>"; };
		4E246C5F194A52AA0072898C /* MainMenuViewController.m */ = {isa = PBXFileReference; fileEncoding = 4; lastKnownFileType = sourcecode.c.objc; path = MainMenuViewController.m; sourceTree = "<group>"; };
		4E90E2401946E9BE00D5E376 /* CameraMonitorViewController.bkp.h */ = {isa = PBXFileReference; fileEncoding = 4; lastKnownFileType = sourcecode.c.h; path = CameraMonitorViewController.bkp.h; sourceTree = "<group>"; };
		4E90E2411946E9BE00D5E376 /* CameraMonitorViewController.bkp.m */ = {isa = PBXFileReference; fileEncoding = 4; lastKnownFileType = sourcecode.c.objc; path = CameraMonitorViewController.bkp.m; sourceTree = "<group>"; };
		4E90E2431946F25200D5E376 /* CameraMonitorViewController.h */ = {isa = PBXFileReference; fileEncoding = 4; lastKnownFileType = sourcecode.c.h; path = CameraMonitorViewController.h; sourceTree = "<group>"; };
		4E90E2441946F25200D5E376 /* CameraMonitorViewController.m */ = {isa = PBXFileReference; fileEncoding = 4; lastKnownFileType = sourcecode.c.objc; path = CameraMonitorViewController.m; sourceTree = "<group>"; wrapsLines = 0; };
		4E90E2461946F26D00D5E376 /* CoreMedia.framework */ = {isa = PBXFileReference; lastKnownFileType = wrapper.framework; name = CoreMedia.framework; path = System/Library/Frameworks/CoreMedia.framework; sourceTree = SDKROOT; };
		4E90E2481946F27300D5E376 /* CoreVideo.framework */ = {isa = PBXFileReference; lastKnownFileType = wrapper.framework; name = CoreVideo.framework; path = System/Library/Frameworks/CoreVideo.framework; sourceTree = SDKROOT; };
		4E90E24A1946F27700D5E376 /* OpenGLES.framework */ = {isa = PBXFileReference; lastKnownFileType = wrapper.framework; name = OpenGLES.framework; path = System/Library/Frameworks/OpenGLES.framework; sourceTree = SDKROOT; };
		4E90E24C1946F28600D5E376 /* QuartzCore.framework */ = {isa = PBXFileReference; lastKnownFileType = wrapper.framework; name = QuartzCore.framework; path = System/Library/Frameworks/QuartzCore.framework; sourceTree = SDKROOT; };
		4E90E24E1946F2AF00D5E376 /* GPUImage.xcodeproj */ = {isa = PBXFileReference; lastKnownFileType = "wrapper.pb-project"; name = GPUImage.xcodeproj; path = ../../GPUImage/framework/GPUImage.xcodeproj; sourceTree = "<group>"; };
		4E90E25E1947AEE400D5E376 /* GLKit.framework */ = {isa = PBXFileReference; lastKnownFileType = wrapper.framework; name = GLKit.framework; path = System/Library/Frameworks/GLKit.framework; sourceTree = SDKROOT; };
		4E947C6C193611D3001AE3A7 /* Main.storyboard */ = {isa = PBXFileReference; fileEncoding = 4; lastKnownFileType = file.storyboard; path = Main.storyboard; sourceTree = "<group>"; };
		4E9A2335192BFBDB005A0756 /* ChouFleurClient.app */ = {isa = PBXFileReference; explicitFileType = wrapper.application; includeInIndex = 0; path = ChouFleurClient.app; sourceTree = BUILT_PRODUCTS_DIR; };
		4E9A2338192BFBDB005A0756 /* Foundation.framework */ = {isa = PBXFileReference; lastKnownFileType = wrapper.framework; name = Foundation.framework; path = System/Library/Frameworks/Foundation.framework; sourceTree = SDKROOT; };
		4E9A233A192BFBDB005A0756 /* CoreGraphics.framework */ = {isa = PBXFileReference; lastKnownFileType = wrapper.framework; name = CoreGraphics.framework; path = System/Library/Frameworks/CoreGraphics.framework; sourceTree = SDKROOT; };
		4E9A233C192BFBDB005A0756 /* UIKit.framework */ = {isa = PBXFileReference; lastKnownFileType = wrapper.framework; name = UIKit.framework; path = System/Library/Frameworks/UIKit.framework; sourceTree = SDKROOT; };
		4E9A2340192BFBDB005A0756 /* ChouFleurClient-Info.plist */ = {isa = PBXFileReference; lastKnownFileType = text.plist.xml; path = "ChouFleurClient-Info.plist"; sourceTree = "<group>"; };
		4E9A2342192BFBDB005A0756 /* en */ = {isa = PBXFileReference; lastKnownFileType = text.plist.strings; name = en; path = en.lproj/InfoPlist.strings; sourceTree = "<group>"; };
		4E9A2344192BFBDB005A0756 /* main.m */ = {isa = PBXFileReference; lastKnownFileType = sourcecode.c.objc; path = main.m; sourceTree = "<group>"; };
		4E9A2346192BFBDB005A0756 /* ChouFleurClient-Prefix.pch */ = {isa = PBXFileReference; lastKnownFileType = sourcecode.c.h; path = "ChouFleurClient-Prefix.pch"; sourceTree = "<group>"; };
		4E9A2347192BFBDB005A0756 /* AppDelegate.h */ = {isa = PBXFileReference; lastKnownFileType = sourcecode.c.h; path = AppDelegate.h; sourceTree = "<group>"; };
		4E9A2348192BFBDB005A0756 /* AppDelegate.m */ = {isa = PBXFileReference; lastKnownFileType = sourcecode.c.objc; path = AppDelegate.m; sourceTree = "<group>"; };
		4E9A234D192BFBDB005A0756 /* ViewController.h */ = {isa = PBXFileReference; lastKnownFileType = sourcecode.c.h; path = ViewController.h; sourceTree = "<group>"; };
		4E9A234E192BFBDB005A0756 /* ViewController.m */ = {isa = PBXFileReference; lastKnownFileType = sourcecode.c.objc; path = ViewController.m; sourceTree = "<group>"; };
		4E9A2350192BFBDB005A0756 /* Images.xcassets */ = {isa = PBXFileReference; lastKnownFileType = folder.assetcatalog; path = Images.xcassets; sourceTree = "<group>"; };
		4E9A2356192BFBDB005A0756 /* ChouFleurClientTests.xctest */ = {isa = PBXFileReference; explicitFileType = wrapper.cfbundle; includeInIndex = 0; path = ChouFleurClientTests.xctest; sourceTree = BUILT_PRODUCTS_DIR; };
		4E9A2357192BFBDB005A0756 /* XCTest.framework */ = {isa = PBXFileReference; lastKnownFileType = wrapper.framework; name = XCTest.framework; path = Library/Frameworks/XCTest.framework; sourceTree = DEVELOPER_DIR; };
		4E9A235F192BFBDB005A0756 /* ChouFleurClientTests-Info.plist */ = {isa = PBXFileReference; lastKnownFileType = text.plist.xml; path = "ChouFleurClientTests-Info.plist"; sourceTree = "<group>"; };
		4E9A2361192BFBDB005A0756 /* en */ = {isa = PBXFileReference; lastKnownFileType = text.plist.strings; name = en; path = en.lproj/InfoPlist.strings; sourceTree = "<group>"; };
		4E9A2363192BFBDB005A0756 /* ChouFleurClientTests.m */ = {isa = PBXFileReference; lastKnownFileType = sourcecode.c.objc; path = ChouFleurClientTests.m; sourceTree = "<group>"; };
		4E9A236D192BFD07005A0756 /* AVFoundation.framework */ = {isa = PBXFileReference; lastKnownFileType = wrapper.framework; name = AVFoundation.framework; path = System/Library/Frameworks/AVFoundation.framework; sourceTree = SDKROOT; };
		4EE997AB194988B50086F5E4 /* passwordfield.png */ = {isa = PBXFileReference; lastKnownFileType = image.png; path = passwordfield.png; sourceTree = "<group>"; };
		4EF60CE1194A9FD40023DAD1 /* camera.png */ = {isa = PBXFileReference; lastKnownFileType = image.png; path = camera.png; sourceTree = "<group>"; };
		4EF60CE2194A9FD40023DAD1 /* headphones.png */ = {isa = PBXFileReference; lastKnownFileType = image.png; path = headphones.png; sourceTree = "<group>"; };
		B69AC77422784DF0AB7BF3B4 /* Pods.xcconfig */ = {isa = PBXFileReference; includeInIndex = 1; lastKnownFileType = text.xcconfig; name = Pods.xcconfig; path = Pods/Pods.xcconfig; sourceTree = "<group>"; };
		CE8F5E9BEA01461281D1A74D /* libPods.a */ = {isa = PBXFileReference; explicitFileType = archive.ar; includeInIndex = 0; path = libPods.a; sourceTree = BUILT_PRODUCTS_DIR; };
/* End PBXFileReference section */

/* Begin PBXFrameworksBuildPhase section */
		4E9A2332192BFBDB005A0756 /* Frameworks */ = {
			isa = PBXFrameworksBuildPhase;
			buildActionMask = 2147483647;
			files = (
				4E90E25F1947AEE400D5E376 /* GLKit.framework in Frameworks */,
				4E90E24D1946F28600D5E376 /* QuartzCore.framework in Frameworks */,
				4E90E24B1946F27700D5E376 /* OpenGLES.framework in Frameworks */,
				4E90E2491946F27300D5E376 /* CoreVideo.framework in Frameworks */,
				4E90E2471946F26D00D5E376 /* CoreMedia.framework in Frameworks */,
				4E9A236E192BFD07005A0756 /* AVFoundation.framework in Frameworks */,
				4E9A233B192BFBDB005A0756 /* CoreGraphics.framework in Frameworks */,
				4E9A233D192BFBDB005A0756 /* UIKit.framework in Frameworks */,
				4E9A2339192BFBDB005A0756 /* Foundation.framework in Frameworks */,
				4E90E25D1946F31400D5E376 /* libGPUImage.a in Frameworks */,
			);
			runOnlyForDeploymentPostprocessing = 0;
		};
		4E9A2353192BFBDB005A0756 /* Frameworks */ = {
			isa = PBXFrameworksBuildPhase;
			buildActionMask = 2147483647;
			files = (
				4E9A2358192BFBDB005A0756 /* XCTest.framework in Frameworks */,
				4E9A235A192BFBDB005A0756 /* UIKit.framework in Frameworks */,
				4E9A2359192BFBDB005A0756 /* Foundation.framework in Frameworks */,
			);
			runOnlyForDeploymentPostprocessing = 0;
		};
/* End PBXFrameworksBuildPhase section */

/* Begin PBXGroup section */
		4E90E24F1946F2AF00D5E376 /* Products */ = {
			isa = PBXGroup;
			children = (
				4E90E2561946F2AF00D5E376 /* libGPUImage.a */,
				4E90E2581946F2AF00D5E376 /* GPUImageTests.octest */,
			);
			name = Products;
			sourceTree = "<group>";
		};
		4E9A232C192BFBDB005A0756 = {
			isa = PBXGroup;
			children = (
				4E9A233E192BFBDB005A0756 /* ChouFleurClient */,
				4E9A235D192BFBDB005A0756 /* ChouFleurClientTests */,
				4E9A2337192BFBDB005A0756 /* Frameworks */,
				4E9A2336192BFBDB005A0756 /* Products */,
				B69AC77422784DF0AB7BF3B4 /* Pods.xcconfig */,
			);
			sourceTree = "<group>";
		};
		4E9A2336192BFBDB005A0756 /* Products */ = {
			isa = PBXGroup;
			children = (
				4E9A2335192BFBDB005A0756 /* ChouFleurClient.app */,
				4E9A2356192BFBDB005A0756 /* ChouFleurClientTests.xctest */,
			);
			name = Products;
			sourceTree = "<group>";
		};
		4E9A2337192BFBDB005A0756 /* Frameworks */ = {
			isa = PBXGroup;
			children = (
				4E90E25E1947AEE400D5E376 /* GLKit.framework */,
				4E90E24C1946F28600D5E376 /* QuartzCore.framework */,
				4E90E24A1946F27700D5E376 /* OpenGLES.framework */,
				4E90E2481946F27300D5E376 /* CoreVideo.framework */,
				4E90E2461946F26D00D5E376 /* CoreMedia.framework */,
				4E9A236D192BFD07005A0756 /* AVFoundation.framework */,
				4E9A2338192BFBDB005A0756 /* Foundation.framework */,
				4E9A233A192BFBDB005A0756 /* CoreGraphics.framework */,
				4E9A233C192BFBDB005A0756 /* UIKit.framework */,
				4E9A2357192BFBDB005A0756 /* XCTest.framework */,
				CE8F5E9BEA01461281D1A74D /* libPods.a */,
			);
			name = Frameworks;
			sourceTree = "<group>";
		};
		4E9A233E192BFBDB005A0756 /* ChouFleurClient */ = {
			isa = PBXGroup;
			children = (
				4E9A2347192BFBDB005A0756 /* AppDelegate.h */,
				4E9A2348192BFBDB005A0756 /* AppDelegate.m */,
				4E90E2401946E9BE00D5E376 /* CameraMonitorViewController.bkp.h */,
				4E90E2411946E9BE00D5E376 /* CameraMonitorViewController.bkp.m */,
				4E90E2431946F25200D5E376 /* CameraMonitorViewController.h */,
				4E90E2441946F25200D5E376 /* CameraMonitorViewController.m */,
				4E90E24E1946F2AF00D5E376 /* GPUImage.xcodeproj */,
				4E9A2350192BFBDB005A0756 /* Images.xcassets */,
				4E947C6C193611D3001AE3A7 /* Main.storyboard */,
				4E246C5E194A52AA0072898C /* MainMenuViewController.h */,
				4E246C5F194A52AA0072898C /* MainMenuViewController.m */,
				4E08B092194AD259005C98E9 /* SettingsViewController.h */,
				4E08B093194AD259005C98E9 /* SettingsViewController.m */,
				4E9A233F192BFBDB005A0756 /* Supporting Files */,
				4E9A234D192BFBDB005A0756 /* ViewController.h */,
				4E9A234E192BFBDB005A0756 /* ViewController.m */,
				4E08B095194AE1BC005C98E9 /* RegistrationViewController.h */,
				4E08B096194AE1BC005C98E9 /* RegistrationViewController.m */,
			);
			path = ChouFleurClient;
			sourceTree = "<group>";
		};
		4E9A233F192BFBDB005A0756 /* Supporting Files */ = {
			isa = PBXGroup;
			children = (
				4EF60CE1194A9FD40023DAD1 /* camera.png */,
				4EF60CE2194A9FD40023DAD1 /* headphones.png */,
				4E2159A8194A67E200884823 /* register sensor button.png */,
				4E2159A0194A670300884823 /* help button.png */,
				4E2159A1194A670300884823 /* main menu - ios.psd */,
				4E2159A2194A670300884823 /* settings button.png */,
				4E2159A3194A670300884823 /* start monitoring button.png */,
				4EE997AB194988B50086F5E4 /* passwordfield.png */,
				4E9A2340192BFBDB005A0756 /* ChouFleurClient-Info.plist */,
				4E9A2341192BFBDB005A0756 /* InfoPlist.strings */,
				4E9A2344192BFBDB005A0756 /* main.m */,
				4E9A2346192BFBDB005A0756 /* ChouFleurClient-Prefix.pch */,
			);
			name = "Supporting Files";
			sourceTree = "<group>";
		};
		4E9A235D192BFBDB005A0756 /* ChouFleurClientTests */ = {
			isa = PBXGroup;
			children = (
				4E9A2363192BFBDB005A0756 /* ChouFleurClientTests.m */,
				4E9A235E192BFBDB005A0756 /* Supporting Files */,
			);
			path = ChouFleurClientTests;
			sourceTree = "<group>";
		};
		4E9A235E192BFBDB005A0756 /* Supporting Files */ = {
			isa = PBXGroup;
			children = (
				4E9A235F192BFBDB005A0756 /* ChouFleurClientTests-Info.plist */,
				4E9A2360192BFBDB005A0756 /* InfoPlist.strings */,
			);
			name = "Supporting Files";
			sourceTree = "<group>";
		};
/* End PBXGroup section */

/* Begin PBXNativeTarget section */
		4E9A2334192BFBDB005A0756 /* ChouFleurClient */ = {
			isa = PBXNativeTarget;
			buildConfigurationList = 4E9A2367192BFBDB005A0756 /* Build configuration list for PBXNativeTarget "ChouFleurClient" */;
			buildPhases = (
				EBE451B9A30A47528CD5E806 /* Check Pods Manifest.lock */,
				4E9A2331192BFBDB005A0756 /* Sources */,
				4E9A2332192BFBDB005A0756 /* Frameworks */,
				4E9A2333192BFBDB005A0756 /* Resources */,
				C946663C26B043E595CF1EB7 /* Copy Pods Resources */,
			);
			buildRules = (
			);
			dependencies = (
				4E90E25C1946F2FC00D5E376 /* PBXTargetDependency */,
			);
			name = ChouFleurClient;
			productName = ChouFleurClient;
			productReference = 4E9A2335192BFBDB005A0756 /* ChouFleurClient.app */;
			productType = "com.apple.product-type.application";
		};
		4E9A2355192BFBDB005A0756 /* ChouFleurClientTests */ = {
			isa = PBXNativeTarget;
			buildConfigurationList = 4E9A236A192BFBDB005A0756 /* Build configuration list for PBXNativeTarget "ChouFleurClientTests" */;
			buildPhases = (
				4E9A2352192BFBDB005A0756 /* Sources */,
				4E9A2353192BFBDB005A0756 /* Frameworks */,
				4E9A2354192BFBDB005A0756 /* Resources */,
			);
			buildRules = (
			);
			dependencies = (
				4E9A235C192BFBDB005A0756 /* PBXTargetDependency */,
			);
			name = ChouFleurClientTests;
			productName = ChouFleurClientTests;
			productReference = 4E9A2356192BFBDB005A0756 /* ChouFleurClientTests.xctest */;
			productType = "com.apple.product-type.bundle.unit-test";
		};
/* End PBXNativeTarget section */

/* Begin PBXProject section */
		4E9A232D192BFBDB005A0756 /* Project object */ = {
			isa = PBXProject;
			attributes = {
				LastUpgradeCheck = 0510;
				ORGANIZATIONNAME = "Mathieu Gardere";
				TargetAttributes = {
					4E9A2334192BFBDB005A0756 = {
						DevelopmentTeam = 3XNS86Q87C;
					};
					4E9A2355192BFBDB005A0756 = {
						TestTargetID = 4E9A2334192BFBDB005A0756;
					};
				};
			};
			buildConfigurationList = 4E9A2330192BFBDB005A0756 /* Build configuration list for PBXProject "ChouFleurClient" */;
			compatibilityVersion = "Xcode 3.2";
			developmentRegion = English;
			hasScannedForEncodings = 0;
			knownRegions = (
				en,
				Base,
			);
			mainGroup = 4E9A232C192BFBDB005A0756;
			productRefGroup = 4E9A2336192BFBDB005A0756 /* Products */;
			projectDirPath = "";
			projectReferences = (
				{
					ProductGroup = 4E90E24F1946F2AF00D5E376 /* Products */;
					ProjectRef = 4E90E24E1946F2AF00D5E376 /* GPUImage.xcodeproj */;
				},
			);
			projectRoot = "";
			targets = (
				4E9A2334192BFBDB005A0756 /* ChouFleurClient */,
				4E9A2355192BFBDB005A0756 /* ChouFleurClientTests */,
			);
		};
/* End PBXProject section */

/* Begin PBXReferenceProxy section */
		4E90E2561946F2AF00D5E376 /* libGPUImage.a */ = {
			isa = PBXReferenceProxy;
			fileType = archive.ar;
			path = libGPUImage.a;
			remoteRef = 4E90E2551946F2AF00D5E376 /* PBXContainerItemProxy */;
			sourceTree = BUILT_PRODUCTS_DIR;
		};
		4E90E2581946F2AF00D5E376 /* GPUImageTests.octest */ = {
			isa = PBXReferenceProxy;
			fileType = wrapper.cfbundle;
			path = GPUImageTests.octest;
			remoteRef = 4E90E2571946F2AF00D5E376 /* PBXContainerItemProxy */;
			sourceTree = BUILT_PRODUCTS_DIR;
		};
/* End PBXReferenceProxy section */

/* Begin PBXResourcesBuildPhase section */
		4E9A2333192BFBDB005A0756 /* Resources */ = {
			isa = PBXResourcesBuildPhase;
			buildActionMask = 2147483647;
			files = (
				4E2159A5194A670300884823 /* main menu - ios.psd in Resources */,
				4E2159A6194A670300884823 /* settings button.png in Resources */,
				4E2159A4194A670300884823 /* help button.png in Resources */,
				4E9A2351192BFBDB005A0756 /* Images.xcassets in Resources */,
				4EF60CE4194A9FD40023DAD1 /* headphones.png in Resources */,
				4EF60CE3194A9FD40023DAD1 /* camera.png in Resources */,
				4E2159A9194A67E200884823 /* register sensor button.png in Resources */,
				4E9A2343192BFBDB005A0756 /* InfoPlist.strings in Resources */,
				4E947C6D193611D3001AE3A7 /* Main.storyboard in Resources */,
				4E2159A7194A670300884823 /* start monitoring button.png in Resources */,
				4EE997AC194988B50086F5E4 /* passwordfield.png in Resources */,
			);
			runOnlyForDeploymentPostprocessing = 0;
		};
		4E9A2354192BFBDB005A0756 /* Resources */ = {
			isa = PBXResourcesBuildPhase;
			buildActionMask = 2147483647;
			files = (
				4E9A2362192BFBDB005A0756 /* InfoPlist.strings in Resources */,
			);
			runOnlyForDeploymentPostprocessing = 0;
		};
/* End PBXResourcesBuildPhase section */

/* Begin PBXShellScriptBuildPhase section */
		C946663C26B043E595CF1EB7 /* Copy Pods Resources */ = {
			isa = PBXShellScriptBuildPhase;
			buildActionMask = 2147483647;
			files = (
			);
			inputPaths = (
			);
			name = "Copy Pods Resources";
			outputPaths = (
			);
			runOnlyForDeploymentPostprocessing = 0;
			shellPath = /bin/sh;
			shellScript = "\"${SRCROOT}/Pods/Pods-resources.sh\"\n";
			showEnvVarsInLog = 0;
		};
		EBE451B9A30A47528CD5E806 /* Check Pods Manifest.lock */ = {
			isa = PBXShellScriptBuildPhase;
			buildActionMask = 2147483647;
			files = (
			);
			inputPaths = (
			);
			name = "Check Pods Manifest.lock";
			outputPaths = (
			);
			runOnlyForDeploymentPostprocessing = 0;
			shellPath = /bin/sh;
			shellScript = "diff \"${PODS_ROOT}/../Podfile.lock\" \"${PODS_ROOT}/Manifest.lock\" > /dev/null\nif [[ $? != 0 ]] ; then\n    cat << EOM\nerror: The sandbox is not in sync with the Podfile.lock. Run 'pod install' or update your CocoaPods installation.\nEOM\n    exit 1\nfi\n";
			showEnvVarsInLog = 0;
		};
/* End PBXShellScriptBuildPhase section */

/* Begin PBXSourcesBuildPhase section */
		4E9A2331192BFBDB005A0756 /* Sources */ = {
			isa = PBXSourcesBuildPhase;
			buildActionMask = 2147483647;
			files = (
				4E90E2421946E9BE00D5E376 /* CameraMonitorViewController.bkp.m in Sources */,
				4E08B097194AE1BC005C98E9 /* RegistrationViewController.m in Sources */,
				4E9A234F192BFBDB005A0756 /* ViewController.m in Sources */,
				4E90E2451946F25200D5E376 /* CameraMonitorViewController.m in Sources */,
				4E9A2349192BFBDB005A0756 /* AppDelegate.m in Sources */,
				4E246C60194A52AA0072898C /* MainMenuViewController.m in Sources */,
				4E9A2345192BFBDB005A0756 /* main.m in Sources */,
				4E08B094194AD259005C98E9 /* SettingsViewController.m in Sources */,
			);
			runOnlyForDeploymentPostprocessing = 0;
		};
		4E9A2352192BFBDB005A0756 /* Sources */ = {
			isa = PBXSourcesBuildPhase;
			buildActionMask = 2147483647;
			files = (
				4E9A2364192BFBDB005A0756 /* ChouFleurClientTests.m in Sources */,
			);
			runOnlyForDeploymentPostprocessing = 0;
		};
/* End PBXSourcesBuildPhase section */

/* Begin PBXTargetDependency section */
		4E90E25C1946F2FC00D5E376 /* PBXTargetDependency */ = {
			isa = PBXTargetDependency;
			name = GPUImage;
			targetProxy = 4E90E25B1946F2FC00D5E376 /* PBXContainerItemProxy */;
		};
		4E9A235C192BFBDB005A0756 /* PBXTargetDependency */ = {
			isa = PBXTargetDependency;
			target = 4E9A2334192BFBDB005A0756 /* ChouFleurClient */;
			targetProxy = 4E9A235B192BFBDB005A0756 /* PBXContainerItemProxy */;
		};
/* End PBXTargetDependency section */

/* Begin PBXVariantGroup section */
		4E9A2341192BFBDB005A0756 /* InfoPlist.strings */ = {
			isa = PBXVariantGroup;
			children = (
				4E9A2342192BFBDB005A0756 /* en */,
			);
			name = InfoPlist.strings;
			sourceTree = "<group>";
		};
		4E9A2360192BFBDB005A0756 /* InfoPlist.strings */ = {
			isa = PBXVariantGroup;
			children = (
				4E9A2361192BFBDB005A0756 /* en */,
			);
			name = InfoPlist.strings;
			sourceTree = "<group>";
		};
/* End PBXVariantGroup section */

/* Begin XCBuildConfiguration section */
		4E9A2365192BFBDB005A0756 /* Debug */ = {
			isa = XCBuildConfiguration;
			buildSettings = {
				ALWAYS_SEARCH_USER_PATHS = NO;
				CLANG_CXX_LANGUAGE_STANDARD = "gnu++0x";
				CLANG_CXX_LIBRARY = "libc++";
				CLANG_ENABLE_MODULES = YES;
				CLANG_ENABLE_OBJC_ARC = YES;
				CLANG_WARN_BOOL_CONVERSION = YES;
				CLANG_WARN_CONSTANT_CONVERSION = YES;
				CLANG_WARN_DIRECT_OBJC_ISA_USAGE = YES_ERROR;
				CLANG_WARN_EMPTY_BODY = YES;
				CLANG_WARN_ENUM_CONVERSION = YES;
				CLANG_WARN_INT_CONVERSION = YES;
				CLANG_WARN_OBJC_ROOT_CLASS = YES_ERROR;
				CLANG_WARN__DUPLICATE_METHOD_MATCH = YES;
				CODE_SIGN_IDENTITY = "iPhone Developer: Mathieu Gardere (A3W2R3YMYZ)";
				"CODE_SIGN_IDENTITY[sdk=iphoneos*]" = "iPhone Developer: Mathieu Gardere (A3W2R3YMYZ)";
				COPY_PHASE_STRIP = NO;
				GCC_C_LANGUAGE_STANDARD = gnu99;
				GCC_DYNAMIC_NO_PIC = NO;
				GCC_OPTIMIZATION_LEVEL = 0;
				GCC_PREPROCESSOR_DEFINITIONS = (
					"DEBUG=1",
					"$(inherited)",
				);
				GCC_SYMBOLS_PRIVATE_EXTERN = NO;
				GCC_WARN_64_TO_32_BIT_CONVERSION = YES;
				GCC_WARN_ABOUT_RETURN_TYPE = YES_ERROR;
				GCC_WARN_UNDECLARED_SELECTOR = YES;
				GCC_WARN_UNINITIALIZED_AUTOS = YES_AGGRESSIVE;
				GCC_WARN_UNUSED_FUNCTION = YES;
				GCC_WARN_UNUSED_VARIABLE = YES;
				IPHONEOS_DEPLOYMENT_TARGET = 5.0;
				ONLY_ACTIVE_ARCH = YES;
				PROVISIONING_PROFILE = "6D87B52E-BA4A-4D57-9B4B-0A266819F009";
				"PROVISIONING_PROFILE[sdk=iphoneos*]" = "6D87B52E-BA4A-4D57-9B4B-0A266819F009";
				SDKROOT = iphoneos;
			};
			name = Debug;
		};
		4E9A2366192BFBDB005A0756 /* Release */ = {
			isa = XCBuildConfiguration;
			buildSettings = {
				ALWAYS_SEARCH_USER_PATHS = NO;
				CLANG_CXX_LANGUAGE_STANDARD = "gnu++0x";
				CLANG_CXX_LIBRARY = "libc++";
				CLANG_ENABLE_MODULES = YES;
				CLANG_ENABLE_OBJC_ARC = YES;
				CLANG_WARN_BOOL_CONVERSION = YES;
				CLANG_WARN_CONSTANT_CONVERSION = YES;
				CLANG_WARN_DIRECT_OBJC_ISA_USAGE = YES_ERROR;
				CLANG_WARN_EMPTY_BODY = YES;
				CLANG_WARN_ENUM_CONVERSION = YES;
				CLANG_WARN_INT_CONVERSION = YES;
				CLANG_WARN_OBJC_ROOT_CLASS = YES_ERROR;
				CLANG_WARN__DUPLICATE_METHOD_MATCH = YES;
				CODE_SIGN_IDENTITY = "iPhone Developer: Mathieu Gardere (A3W2R3YMYZ)";
				"CODE_SIGN_IDENTITY[sdk=iphoneos*]" = "iPhone Developer: Mathieu Gardere (A3W2R3YMYZ)";
				COPY_PHASE_STRIP = YES;
				ENABLE_NS_ASSERTIONS = NO;
				GCC_C_LANGUAGE_STANDARD = gnu99;
				GCC_WARN_64_TO_32_BIT_CONVERSION = YES;
				GCC_WARN_ABOUT_RETURN_TYPE = YES_ERROR;
				GCC_WARN_UNDECLARED_SELECTOR = YES;
				GCC_WARN_UNINITIALIZED_AUTOS = YES_AGGRESSIVE;
				GCC_WARN_UNUSED_FUNCTION = YES;
				GCC_WARN_UNUSED_VARIABLE = YES;
				IPHONEOS_DEPLOYMENT_TARGET = 5.0;
				PROVISIONING_PROFILE = "6D87B52E-BA4A-4D57-9B4B-0A266819F009";
				"PROVISIONING_PROFILE[sdk=iphoneos*]" = "6D87B52E-BA4A-4D57-9B4B-0A266819F009";
				SDKROOT = iphoneos;
				VALIDATE_PRODUCT = YES;
			};
			name = Release;
		};
		4E9A2368192BFBDB005A0756 /* Debug */ = {
			isa = XCBuildConfiguration;
			baseConfigurationReference = B69AC77422784DF0AB7BF3B4 /* Pods.xcconfig */;
			buildSettings = {
				ASSETCATALOG_COMPILER_APPICON_NAME = AppIcon;
				ASSETCATALOG_COMPILER_LAUNCHIMAGE_NAME = LaunchImage;
				CODE_SIGN_IDENTITY = "iPhone Developer";
				"CODE_SIGN_IDENTITY[sdk=iphoneos*]" = "iPhone Developer";
				GCC_PRECOMPILE_PREFIX_HEADER = YES;
				GCC_PREFIX_HEADER = "ChouFleurClient/ChouFleurClient-Prefix.pch";
				HEADER_SEARCH_PATHS = (
					"$(inherited)",
					"/Applications/Xcode\\ 5.app/Contents/Developer/Toolchains/XcodeDefault.xctoolchain/usr/include",
					"../GPUImage/**",
				);
				INFOPLIST_FILE = "ChouFleurClient/ChouFleurClient-Info.plist";
				IPHONEOS_DEPLOYMENT_TARGET = 5.0;
				PRODUCT_NAME = "$(TARGET_NAME)";
				PROVISIONING_PROFILE = "";
				WRAPPER_EXTENSION = app;
			};
			name = Debug;
		};
		4E9A2369192BFBDB005A0756 /* Release */ = {
			isa = XCBuildConfiguration;
			baseConfigurationReference = B69AC77422784DF0AB7BF3B4 /* Pods.xcconfig */;
			buildSettings = {
				ASSETCATALOG_COMPILER_APPICON_NAME = AppIcon;
				ASSETCATALOG_COMPILER_LAUNCHIMAGE_NAME = LaunchImage;
				CODE_SIGN_IDENTITY = "iPhone Developer";
				"CODE_SIGN_IDENTITY[sdk=iphoneos*]" = "iPhone Developer";
				GCC_PRECOMPILE_PREFIX_HEADER = YES;
				GCC_PREFIX_HEADER = "ChouFleurClient/ChouFleurClient-Prefix.pch";
				HEADER_SEARCH_PATHS = (
					"$(inherited)",
					"/Applications/Xcode\\ 5.app/Contents/Developer/Toolchains/XcodeDefault.xctoolchain/usr/include",
					"../GPUImage/**",
				);
				INFOPLIST_FILE = "ChouFleurClient/ChouFleurClient-Info.plist";
				IPHONEOS_DEPLOYMENT_TARGET = 5.0;
				PRODUCT_NAME = "$(TARGET_NAME)";
				PROVISIONING_PROFILE = "";
				WRAPPER_EXTENSION = app;
			};
			name = Release;
		};
		4E9A236B192BFBDB005A0756 /* Debug */ = {
			isa = XCBuildConfiguration;
			buildSettings = {
				BUNDLE_LOADER = "$(BUILT_PRODUCTS_DIR)/ChouFleurClient.app/ChouFleurClient";
				FRAMEWORK_SEARCH_PATHS = (
					"$(SDKROOT)/Developer/Library/Frameworks",
					"$(inherited)",
					"$(DEVELOPER_FRAMEWORKS_DIR)",
				);
				GCC_PRECOMPILE_PREFIX_HEADER = YES;
				GCC_PREFIX_HEADER = "ChouFleurClient/ChouFleurClient-Prefix.pch";
				GCC_PREPROCESSOR_DEFINITIONS = (
					"DEBUG=1",
					"$(inherited)",
				);
				INFOPLIST_FILE = "ChouFleurClientTests/ChouFleurClientTests-Info.plist";
				PRODUCT_NAME = "$(TARGET_NAME)";
				TEST_HOST = "$(BUNDLE_LOADER)";
				WRAPPER_EXTENSION = xctest;
			};
			name = Debug;
		};
		4E9A236C192BFBDB005A0756 /* Release */ = {
			isa = XCBuildConfiguration;
			buildSettings = {
				BUNDLE_LOADER = "$(BUILT_PRODUCTS_DIR)/ChouFleurClient.app/ChouFleurClient";
				FRAMEWORK_SEARCH_PATHS = (
					"$(SDKROOT)/Developer/Library/Frameworks",
					"$(inherited)",
					"$(DEVELOPER_FRAMEWORKS_DIR)",
				);
				GCC_PRECOMPILE_PREFIX_HEADER = YES;
				GCC_PREFIX_HEADER = "ChouFleurClient/ChouFleurClient-Prefix.pch";
				INFOPLIST_FILE = "ChouFleurClientTests/ChouFleurClientTests-Info.plist";
				PRODUCT_NAME = "$(TARGET_NAME)";
				TEST_HOST = "$(BUNDLE_LOADER)";
				WRAPPER_EXTENSION = xctest;
			};
			name = Release;
		};
/* End XCBuildConfiguration section */

/* Begin XCConfigurationList section */
		4E9A2330192BFBDB005A0756 /* Build configuration list for PBXProject "ChouFleurClient" */ = {
			isa = XCConfigurationList;
			buildConfigurations = (
				4E9A2365192BFBDB005A0756 /* Debug */,
				4E9A2366192BFBDB005A0756 /* Release */,
			);
			defaultConfigurationIsVisible = 0;
			defaultConfigurationName = Release;
		};
		4E9A2367192BFBDB005A0756 /* Build configuration list for PBXNativeTarget "ChouFleurClient" */ = {
			isa = XCConfigurationList;
			buildConfigurations = (
				4E9A2368192BFBDB005A0756 /* Debug */,
				4E9A2369192BFBDB005A0756 /* Release */,
			);
			defaultConfigurationIsVisible = 0;
			defaultConfigurationName = Release;
		};
		4E9A236A192BFBDB005A0756 /* Build configuration list for PBXNativeTarget "ChouFleurClientTests" */ = {
			isa = XCConfigurationList;
			buildConfigurations = (
				4E9A236B192BFBDB005A0756 /* Debug */,
				4E9A236C192BFBDB005A0756 /* Release */,
			);
			defaultConfigurationIsVisible = 0;
			defaultConfigurationName = Release;
		};
/* End XCConfigurationList section */
	};
	rootObject = 4E9A232D192BFBDB005A0756 /* Project object */;
}
