// !$*UTF8*$!
{
	archiveVersion = 1;
	classes = {
	};
	objectVersion = 46;
	objects = {

/* Begin PBXBuildFile section */
		4E9A2339192BFBDB005A0756 /* Foundation.framework in Frameworks */ = {isa = PBXBuildFile; fileRef = 4E9A2338192BFBDB005A0756 /* Foundation.framework */; };
		4E9A233B192BFBDB005A0756 /* CoreGraphics.framework in Frameworks */ = {isa = PBXBuildFile; fileRef = 4E9A233A192BFBDB005A0756 /* CoreGraphics.framework */; };
		4E9A233D192BFBDB005A0756 /* UIKit.framework in Frameworks */ = {isa = PBXBuildFile; fileRef = 4E9A233C192BFBDB005A0756 /* UIKit.framework */; };
		4E9A2343192BFBDB005A0756 /* InfoPlist.strings in Resources */ = {isa = PBXBuildFile; fileRef = 4E9A2341192BFBDB005A0756 /* InfoPlist.strings */; };
		4E9A2345192BFBDB005A0756 /* main.m in Sources */ = {isa = PBXBuildFile; fileRef = 4E9A2344192BFBDB005A0756 /* main.m */; };
		4E9A2349192BFBDB005A0756 /* AppDelegate.m in Sources */ = {isa = PBXBuildFile; fileRef = 4E9A2348192BFBDB005A0756 /* AppDelegate.m */; };
		4E9A234C192BFBDB005A0756 /* Main.storyboard in Resources */ = {isa = PBXBuildFile; fileRef = 4E9A234A192BFBDB005A0756 /* Main.storyboard */; };
		4E9A234F192BFBDB005A0756 /* ViewController.m in Sources */ = {isa = PBXBuildFile; fileRef = 4E9A234E192BFBDB005A0756 /* ViewController.m */; };
		4E9A2351192BFBDB005A0756 /* Images.xcassets in Resources */ = {isa = PBXBuildFile; fileRef = 4E9A2350192BFBDB005A0756 /* Images.xcassets */; };
		4E9A2358192BFBDB005A0756 /* XCTest.framework in Frameworks */ = {isa = PBXBuildFile; fileRef = 4E9A2357192BFBDB005A0756 /* XCTest.framework */; };
		4E9A2359192BFBDB005A0756 /* Foundation.framework in Frameworks */ = {isa = PBXBuildFile; fileRef = 4E9A2338192BFBDB005A0756 /* Foundation.framework */; };
		4E9A235A192BFBDB005A0756 /* UIKit.framework in Frameworks */ = {isa = PBXBuildFile; fileRef = 4E9A233C192BFBDB005A0756 /* UIKit.framework */; };
		4E9A2362192BFBDB005A0756 /* InfoPlist.strings in Resources */ = {isa = PBXBuildFile; fileRef = 4E9A2360192BFBDB005A0756 /* InfoPlist.strings */; };
		4E9A2364192BFBDB005A0756 /* ChouFleurClientTests.m in Sources */ = {isa = PBXBuildFile; fileRef = 4E9A2363192BFBDB005A0756 /* ChouFleurClientTests.m */; };
		4E9A236E192BFD07005A0756 /* AVFoundation.framework in Frameworks */ = {isa = PBXBuildFile; fileRef = 4E9A236D192BFD07005A0756 /* AVFoundation.framework */; };
/* End PBXBuildFile section */

/* Begin PBXContainerItemProxy section */
		4E9A235B192BFBDB005A0756 /* PBXContainerItemProxy */ = {
			isa = PBXContainerItemProxy;
			containerPortal = 4E9A232D192BFBDB005A0756 /* Project object */;
			proxyType = 1;
			remoteGlobalIDString = 4E9A2334192BFBDB005A0756;
			remoteInfo = ChouFleurClient;
		};
/* End PBXContainerItemProxy section */

/* Begin PBXFileReference section */
		4E9A2335192BFBDB005A0756 /* ChouFleurClient.app */ = {isa = PBXFileReference; explicitFileType = wrapper.application; includeInIndex = 0; path = ChouFleurClient.app; sourceTree = BUILT_PRODUCTS_DIR; };
		4E9A2338192BFBDB005A0756 /* Foundation.framework */ = {isa = PBXFileReference; lastKnownFileType = wrapper.framework; name = Foundation.framework; path = System/Library/Frameworks/Foundation.framework; sourceTree = SDKROOT; };
		4E9A233A192BFBDB005A0756 /* CoreGraphics.framework */ = {isa = PBXFileReference; lastKnownFileType = wrapper.framework; name = CoreGraphics.framework; path = System/Library/Frameworks/CoreGraphics.framework; sourceTree = SDKROOT; };
		4E9A233C192BFBDB005A0756 /* UIKit.framework */ = {isa = PBXFileReference; lastKnownFileType = wrapper.framework; name = UIKit.framework; path = System/Library/Frameworks/UIKit.framework; sourceTree = SDKROOT; };
		4E9A2340192BFBDB005A0756 /* ChouFleurClient-Info.plist */ = {isa = PBXFileReference; lastKnownFileType = text.plist.xml; path = "ChouFleurClient-Info.plist"; sourceTree = "<group>"; };
		4E9A2342192BFBDB005A0756 /* en */ = {isa = PBXFileReference; lastKnownFileType = text.plist.strings; name = en; path = en.lproj/InfoPlist.strings; sourceTree = "<group>"; };
		4E9A2344192BFBDB005A0756 /* main.m */ = {isa = PBXFileReference; lastKnownFileType = sourcecode.c.objc; path = main.m; sourceTree = "<group>"; };
		4E9A2346192BFBDB005A0756 /* ChouFleurClient-Prefix.pch */ = {isa = PBXFileReference; lastKnownFileType = sourcecode.c.h; path = "ChouFleurClient-Prefix.pch"; sourceTree = "<group>"; };
		4E9A2347192BFBDB005A0756 /* AppDelegate.h */ = {isa = PBXFileReference; lastKnownFileType = sourcecode.c.h; path = AppDelegate.h; sourceTree = "<group>"; };
		4E9A2348192BFBDB005A0756 /* AppDelegate.m */ = {isa = PBXFileReference; lastKnownFileType = sourcecode.c.objc; path = AppDelegate.m; sourceTree = "<group>"; };
		4E9A234B192BFBDB005A0756 /* Base */ = {isa = PBXFileReference; lastKnownFileType = file.storyboard; name = Base; path = Base.lproj/Main.storyboard; sourceTree = "<group>"; };
		4E9A234D192BFBDB005A0756 /* ViewController.h */ = {isa = PBXFileReference; lastKnownFileType = sourcecode.c.h; path = ViewController.h; sourceTree = "<group>"; };
		4E9A234E192BFBDB005A0756 /* ViewController.m */ = {isa = PBXFileReference; lastKnownFileType = sourcecode.c.objc; path = ViewController.m; sourceTree = "<group>"; };
		4E9A2350192BFBDB005A0756 /* Images.xcassets */ = {isa = PBXFileReference; lastKnownFileType = folder.assetcatalog; path = Images.xcassets; sourceTree = "<group>"; };
		4E9A2356192BFBDB005A0756 /* ChouFleurClientTests.xctest */ = {isa = PBXFileReference; explicitFileType = wrapper.cfbundle; includeInIndex = 0; path = ChouFleurClientTests.xctest; sourceTree = BUILT_PRODUCTS_DIR; };
		4E9A2357192BFBDB005A0756 /* XCTest.framework */ = {isa = PBXFileReference; lastKnownFileType = wrapper.framework; name = XCTest.framework; path = Library/Frameworks/XCTest.framework; sourceTree = DEVELOPER_DIR; };
		4E9A235F192BFBDB005A0756 /* ChouFleurClientTests-Info.plist */ = {isa = PBXFileReference; lastKnownFileType = text.plist.xml; path = "ChouFleurClientTests-Info.plist"; sourceTree = "<group>"; };
		4E9A2361192BFBDB005A0756 /* en */ = {isa = PBXFileReference; lastKnownFileType = text.plist.strings; name = en; path = en.lproj/InfoPlist.strings; sourceTree = "<group>"; };
		4E9A2363192BFBDB005A0756 /* ChouFleurClientTests.m */ = {isa = PBXFileReference; lastKnownFileType = sourcecode.c.objc; path = ChouFleurClientTests.m; sourceTree = "<group>"; };
		4E9A236D192BFD07005A0756 /* AVFoundation.framework */ = {isa = PBXFileReference; lastKnownFileType = wrapper.framework; name = AVFoundation.framework; path = System/Library/Frameworks/AVFoundation.framework; sourceTree = SDKROOT; };
/* End PBXFileReference section */

/* Begin PBXFrameworksBuildPhase section */
		4E9A2332192BFBDB005A0756 /* Frameworks */ = {
			isa = PBXFrameworksBuildPhase;
			buildActionMask = 2147483647;
			files = (
				4E9A236E192BFD07005A0756 /* AVFoundation.framework in Frameworks */,
				4E9A233B192BFBDB005A0756 /* CoreGraphics.framework in Frameworks */,
				4E9A233D192BFBDB005A0756 /* UIKit.framework in Frameworks */,
				4E9A2339192BFBDB005A0756 /* Foundation.framework in Frameworks */,
			);
			runOnlyForDeploymentPostprocessing = 0;
		};
		4E9A2353192BFBDB005A0756 /* Frameworks */ = {
			isa = PBXFrameworksBuildPhase;
			buildActionMask = 2147483647;
			files = (
				4E9A2358192BFBDB005A0756 /* XCTest.framework in Frameworks */,
				4E9A235A192BFBDB005A0756 /* UIKit.framework in Frameworks */,
				4E9A2359192BFBDB005A0756 /* Foundation.framework in Frameworks */,
			);
			runOnlyForDeploymentPostprocessing = 0;
		};
/* End PBXFrameworksBuildPhase section */

/* Begin PBXGroup section */
		4E9A232C192BFBDB005A0756 = {
			isa = PBXGroup;
			children = (
				4E9A233E192BFBDB005A0756 /* ChouFleurClient */,
				4E9A235D192BFBDB005A0756 /* ChouFleurClientTests */,
				4E9A2337192BFBDB005A0756 /* Frameworks */,
				4E9A2336192BFBDB005A0756 /* Products */,
			);
			sourceTree = "<group>";
		};
		4E9A2336192BFBDB005A0756 /* Products */ = {
			isa = PBXGroup;
			children = (
				4E9A2335192BFBDB005A0756 /* ChouFleurClient.app */,
				4E9A2356192BFBDB005A0756 /* ChouFleurClientTests.xctest */,
			);
			name = Products;
			sourceTree = "<group>";
		};
		4E9A2337192BFBDB005A0756 /* Frameworks */ = {
			isa = PBXGroup;
			children = (
				4E9A236D192BFD07005A0756 /* AVFoundation.framework */,
				4E9A2338192BFBDB005A0756 /* Foundation.framework */,
				4E9A233A192BFBDB005A0756 /* CoreGraphics.framework */,
				4E9A233C192BFBDB005A0756 /* UIKit.framework */,
				4E9A2357192BFBDB005A0756 /* XCTest.framework */,
			);
			name = Frameworks;
			sourceTree = "<group>";
		};
		4E9A233E192BFBDB005A0756 /* ChouFleurClient */ = {
			isa = PBXGroup;
			children = (
				4E9A2347192BFBDB005A0756 /* AppDelegate.h */,
				4E9A2348192BFBDB005A0756 /* AppDelegate.m */,
				4E9A234A192BFBDB005A0756 /* Main.storyboard */,
				4E9A234D192BFBDB005A0756 /* ViewController.h */,
				4E9A234E192BFBDB005A0756 /* ViewController.m */,
				4E9A2350192BFBDB005A0756 /* Images.xcassets */,
				4E9A233F192BFBDB005A0756 /* Supporting Files */,
			);
			path = ChouFleurClient;
			sourceTree = "<group>";
		};
		4E9A233F192BFBDB005A0756 /* Supporting Files */ = {
			isa = PBXGroup;
			children = (
				4E9A2340192BFBDB005A0756 /* ChouFleurClient-Info.plist */,
				4E9A2341192BFBDB005A0756 /* InfoPlist.strings */,
				4E9A2344192BFBDB005A0756 /* main.m */,
				4E9A2346192BFBDB005A0756 /* ChouFleurClient-Prefix.pch */,
			);
			name = "Supporting Files";
			sourceTree = "<group>";
		};
		4E9A235D192BFBDB005A0756 /* ChouFleurClientTests */ = {
			isa = PBXGroup;
			children = (
				4E9A2363192BFBDB005A0756 /* ChouFleurClientTests.m */,
				4E9A235E192BFBDB005A0756 /* Supporting Files */,
			);
			path = ChouFleurClientTests;
			sourceTree = "<group>";
		};
		4E9A235E192BFBDB005A0756 /* Supporting Files */ = {
			isa = PBXGroup;
			children = (
				4E9A235F192BFBDB005A0756 /* ChouFleurClientTests-Info.plist */,
				4E9A2360192BFBDB005A0756 /* InfoPlist.strings */,
			);
			name = "Supporting Files";
			sourceTree = "<group>";
		};
/* End PBXGroup section */

/* Begin PBXNativeTarget section */
		4E9A2334192BFBDB005A0756 /* ChouFleurClient */ = {
			isa = PBXNativeTarget;
			buildConfigurationList = 4E9A2367192BFBDB005A0756 /* Build configuration list for PBXNativeTarget "ChouFleurClient" */;
			buildPhases = (
				4E9A2331192BFBDB005A0756 /* Sources */,
				4E9A2332192BFBDB005A0756 /* Frameworks */,
				4E9A2333192BFBDB005A0756 /* Resources */,
			);
			buildRules = (
			);
			dependencies = (
			);
			name = ChouFleurClient;
			productName = ChouFleurClient;
			productReference = 4E9A2335192BFBDB005A0756 /* ChouFleurClient.app */;
			productType = "com.apple.product-type.application";
		};
		4E9A2355192BFBDB005A0756 /* ChouFleurClientTests */ = {
			isa = PBXNativeTarget;
			buildConfigurationList = 4E9A236A192BFBDB005A0756 /* Build configuration list for PBXNativeTarget "ChouFleurClientTests" */;
			buildPhases = (
				4E9A2352192BFBDB005A0756 /* Sources */,
				4E9A2353192BFBDB005A0756 /* Frameworks */,
				4E9A2354192BFBDB005A0756 /* Resources */,
			);
			buildRules = (
			);
			dependencies = (
				4E9A235C192BFBDB005A0756 /* PBXTargetDependency */,
			);
			name = ChouFleurClientTests;
			productName = ChouFleurClientTests;
			productReference = 4E9A2356192BFBDB005A0756 /* ChouFleurClientTests.xctest */;
			productType = "com.apple.product-type.bundle.unit-test";
		};
/* End PBXNativeTarget section */

/* Begin PBXProject section */
		4E9A232D192BFBDB005A0756 /* Project object */ = {
			isa = PBXProject;
			attributes = {
				LastUpgradeCheck = 0510;
				ORGANIZATIONNAME = "Mathieu Gardere";
				TargetAttributes = {
					4E9A2355192BFBDB005A0756 = {
						TestTargetID = 4E9A2334192BFBDB005A0756;
					};
				};
			};
			buildConfigurationList = 4E9A2330192BFBDB005A0756 /* Build configuration list for PBXProject "ChouFleurClient" */;
			compatibilityVersion = "Xcode 3.2";
			developmentRegion = English;
			hasScannedForEncodings = 0;
			knownRegions = (
				en,
				Base,
			);
			mainGroup = 4E9A232C192BFBDB005A0756;
			productRefGroup = 4E9A2336192BFBDB005A0756 /* Products */;
			projectDirPath = "";
			projectRoot = "";
			targets = (
				4E9A2334192BFBDB005A0756 /* ChouFleurClient */,
				4E9A2355192BFBDB005A0756 /* ChouFleurClientTests */,
			);
		};
/* End PBXProject section */

/* Begin PBXResourcesBuildPhase section */
		4E9A2333192BFBDB005A0756 /* Resources */ = {
			isa = PBXResourcesBuildPhase;
			buildActionMask = 2147483647;
			files = (
				4E9A2351192BFBDB005A0756 /* Images.xcassets in Resources */,
				4E9A2343192BFBDB005A0756 /* InfoPlist.strings in Resources */,
				4E9A234C192BFBDB005A0756 /* Main.storyboard in Resources */,
			);
			runOnlyForDeploymentPostprocessing = 0;
		};
		4E9A2354192BFBDB005A0756 /* Resources */ = {
			isa = PBXResourcesBuildPhase;
			buildActionMask = 2147483647;
			files = (
				4E9A2362192BFBDB005A0756 /* InfoPlist.strings in Resources */,
			);
			runOnlyForDeploymentPostprocessing = 0;
		};
/* End PBXResourcesBuildPhase section */

/* Begin PBXSourcesBuildPhase section */
		4E9A2331192BFBDB005A0756 /* Sources */ = {
			isa = PBXSourcesBuildPhase;
			buildActionMask = 2147483647;
			files = (
				4E9A234F192BFBDB005A0756 /* ViewController.m in Sources */,
				4E9A2349192BFBDB005A0756 /* AppDelegate.m in Sources */,
				4E9A2345192BFBDB005A0756 /* main.m in Sources */,
			);
			runOnlyForDeploymentPostprocessing = 0;
		};
		4E9A2352192BFBDB005A0756 /* Sources */ = {
			isa = PBXSourcesBuildPhase;
			buildActionMask = 2147483647;
			files = (
				4E9A2364192BFBDB005A0756 /* ChouFleurClientTests.m in Sources */,
			);
			runOnlyForDeploymentPostprocessing = 0;
		};
/* End PBXSourcesBuildPhase section */

/* Begin PBXTargetDependency section */
		4E9A235C192BFBDB005A0756 /* PBXTargetDependency */ = {
			isa = PBXTargetDependency;
			target = 4E9A2334192BFBDB005A0756 /* ChouFleurClient */;
			targetProxy = 4E9A235B192BFBDB005A0756 /* PBXContainerItemProxy */;
		};
/* End PBXTargetDependency section */

/* Begin PBXVariantGroup section */
		4E9A2341192BFBDB005A0756 /* InfoPlist.strings */ = {
			isa = PBXVariantGroup;
			children = (
				4E9A2342192BFBDB005A0756 /* en */,
			);
			name = InfoPlist.strings;
			sourceTree = "<group>";
		};
		4E9A234A192BFBDB005A0756 /* Main.storyboard */ = {
			isa = PBXVariantGroup;
			children = (
				4E9A234B192BFBDB005A0756 /* Base */,
			);
			name = Main.storyboard;
			sourceTree = "<group>";
		};
		4E9A2360192BFBDB005A0756 /* InfoPlist.strings */ = {
			isa = PBXVariantGroup;
			children = (
				4E9A2361192BFBDB005A0756 /* en */,
			);
			name = InfoPlist.strings;
			sourceTree = "<group>";
		};
/* End PBXVariantGroup section */

/* Begin XCBuildConfiguration section */
		4E9A2365192BFBDB005A0756 /* Debug */ = {
			isa = XCBuildConfiguration;
			buildSettings = {
				ALWAYS_SEARCH_USER_PATHS = NO;
				CLANG_CXX_LANGUAGE_STANDARD = "gnu++0x";
				CLANG_CXX_LIBRARY = "libc++";
				CLANG_ENABLE_MODULES = YES;
				CLANG_ENABLE_OBJC_ARC = YES;
				CLANG_WARN_BOOL_CONVERSION = YES;
				CLANG_WARN_CONSTANT_CONVERSION = YES;
				CLANG_WARN_DIRECT_OBJC_ISA_USAGE = YES_ERROR;
				CLANG_WARN_EMPTY_BODY = YES;
				CLANG_WARN_ENUM_CONVERSION = YES;
				CLANG_WARN_INT_CONVERSION = YES;
				CLANG_WARN_OBJC_ROOT_CLASS = YES_ERROR;
				CLANG_WARN__DUPLICATE_METHOD_MATCH = YES;
				"CODE_SIGN_IDENTITY[sdk=iphoneos*]" = "iPhone Developer";
				COPY_PHASE_STRIP = NO;
				GCC_C_LANGUAGE_STANDARD = gnu99;
				GCC_DYNAMIC_NO_PIC = NO;
				GCC_OPTIMIZATION_LEVEL = 0;
				GCC_PREPROCESSOR_DEFINITIONS = (
					"DEBUG=1",
					"$(inherited)",
				);
				GCC_SYMBOLS_PRIVATE_EXTERN = NO;
				GCC_WARN_64_TO_32_BIT_CONVERSION = YES;
				GCC_WARN_ABOUT_RETURN_TYPE = YES_ERROR;
				GCC_WARN_UNDECLARED_SELECTOR = YES;
				GCC_WARN_UNINITIALIZED_AUTOS = YES_AGGRESSIVE;
				GCC_WARN_UNUSED_FUNCTION = YES;
				GCC_WARN_UNUSED_VARIABLE = YES;
				IPHONEOS_DEPLOYMENT_TARGET = 7.1;
				ONLY_ACTIVE_ARCH = YES;
				SDKROOT = iphoneos;
			};
			name = Debug;
		};
		4E9A2366192BFBDB005A0756 /* Release */ = {
			isa = XCBuildConfiguration;
			buildSettings = {
				ALWAYS_SEARCH_USER_PATHS = NO;
				CLANG_CXX_LANGUAGE_STANDARD = "gnu++0x";
				CLANG_CXX_LIBRARY = "libc++";
				CLANG_ENABLE_MODULES = YES;
				CLANG_ENABLE_OBJC_ARC = YES;
				CLANG_WARN_BOOL_CONVERSION = YES;
				CLANG_WARN_CONSTANT_CONVERSION = YES;
				CLANG_WARN_DIRECT_OBJC_ISA_USAGE = YES_ERROR;
				CLANG_WARN_EMPTY_BODY = YES;
				CLANG_WARN_ENUM_CONVERSION = YES;
				CLANG_WARN_INT_CONVERSION = YES;
				CLANG_WARN_OBJC_ROOT_CLASS = YES_ERROR;
				CLANG_WARN__DUPLICATE_METHOD_MATCH = YES;
				"CODE_SIGN_IDENTITY[sdk=iphoneos*]" = "iPhone Developer";
				COPY_PHASE_STRIP = YES;
				ENABLE_NS_ASSERTIONS = NO;
				GCC_C_LANGUAGE_STANDARD = gnu99;
				GCC_WARN_64_TO_32_BIT_CONVERSION = YES;
				GCC_WARN_ABOUT_RETURN_TYPE = YES_ERROR;
				GCC_WARN_UNDECLARED_SELECTOR = YES;
				GCC_WARN_UNINITIALIZED_AUTOS = YES_AGGRESSIVE;
				GCC_WARN_UNUSED_FUNCTION = YES;
				GCC_WARN_UNUSED_VARIABLE = YES;
				IPHONEOS_DEPLOYMENT_TARGET = 7.1;
				SDKROOT = iphoneos;
				VALIDATE_PRODUCT = YES;
			};
			name = Release;
		};
		4E9A2368192BFBDB005A0756 /* Debug */ = {
			isa = XCBuildConfiguration;
			buildSettings = {
				ASSETCATALOG_COMPILER_APPICON_NAME = AppIcon;
				ASSETCATALOG_COMPILER_LAUNCHIMAGE_NAME = LaunchImage;
				GCC_PRECOMPILE_PREFIX_HEADER = YES;
				GCC_PREFIX_HEADER = "ChouFleurClient/ChouFleurClient-Prefix.pch";
				INFOPLIST_FILE = "ChouFleurClient/ChouFleurClient-Info.plist";
				PRODUCT_NAME = "$(TARGET_NAME)";
				WRAPPER_EXTENSION = app;
			};
			name = Debug;
		};
		4E9A2369192BFBDB005A0756 /* Release */ = {
			isa = XCBuildConfiguration;
			buildSettings = {
				ASSETCATALOG_COMPILER_APPICON_NAME = AppIcon;
				ASSETCATALOG_COMPILER_LAUNCHIMAGE_NAME = LaunchImage;
				GCC_PRECOMPILE_PREFIX_HEADER = YES;
				GCC_PREFIX_HEADER = "ChouFleurClient/ChouFleurClient-Prefix.pch";
				INFOPLIST_FILE = "ChouFleurClient/ChouFleurClient-Info.plist";
				PRODUCT_NAME = "$(TARGET_NAME)";
				WRAPPER_EXTENSION = app;
			};
			name = Release;
		};
		4E9A236B192BFBDB005A0756 /* Debug */ = {
			isa = XCBuildConfiguration;
			buildSettings = {
				BUNDLE_LOADER = "$(BUILT_PRODUCTS_DIR)/ChouFleurClient.app/ChouFleurClient";
				FRAMEWORK_SEARCH_PATHS = (
					"$(SDKROOT)/Developer/Library/Frameworks",
					"$(inherited)",
					"$(DEVELOPER_FRAMEWORKS_DIR)",
				);
				GCC_PRECOMPILE_PREFIX_HEADER = YES;
				GCC_PREFIX_HEADER = "ChouFleurClient/ChouFleurClient-Prefix.pch";
				GCC_PREPROCESSOR_DEFINITIONS = (
					"DEBUG=1",
					"$(inherited)",
				);
				INFOPLIST_FILE = "ChouFleurClientTests/ChouFleurClientTests-Info.plist";
				PRODUCT_NAME = "$(TARGET_NAME)";
				TEST_HOST = "$(BUNDLE_LOADER)";
				WRAPPER_EXTENSION = xctest;
			};
			name = Debug;
		};
		4E9A236C192BFBDB005A0756 /* Release */ = {
			isa = XCBuildConfiguration;
			buildSettings = {
				BUNDLE_LOADER = "$(BUILT_PRODUCTS_DIR)/ChouFleurClient.app/ChouFleurClient";
				FRAMEWORK_SEARCH_PATHS = (
					"$(SDKROOT)/Developer/Library/Frameworks",
					"$(inherited)",
					"$(DEVELOPER_FRAMEWORKS_DIR)",
				);
				GCC_PRECOMPILE_PREFIX_HEADER = YES;
				GCC_PREFIX_HEADER = "ChouFleurClient/ChouFleurClient-Prefix.pch";
				INFOPLIST_FILE = "ChouFleurClientTests/ChouFleurClientTests-Info.plist";
				PRODUCT_NAME = "$(TARGET_NAME)";
				TEST_HOST = "$(BUNDLE_LOADER)";
				WRAPPER_EXTENSION = xctest;
			};
			name = Release;
		};
/* End XCBuildConfiguration section */

/* Begin XCConfigurationList section */
		4E9A2330192BFBDB005A0756 /* Build configuration list for PBXProject "ChouFleurClient" */ = {
			isa = XCConfigurationList;
			buildConfigurations = (
				4E9A2365192BFBDB005A0756 /* Debug */,
				4E9A2366192BFBDB005A0756 /* Release */,
			);
			defaultConfigurationIsVisible = 0;
			defaultConfigurationName = Release;
		};
		4E9A2367192BFBDB005A0756 /* Build configuration list for PBXNativeTarget "ChouFleurClient" */ = {
			isa = XCConfigurationList;
			buildConfigurations = (
				4E9A2368192BFBDB005A0756 /* Debug */,
				4E9A2369192BFBDB005A0756 /* Release */,
			);
			defaultConfigurationIsVisible = 0;
		};
		4E9A236A192BFBDB005A0756 /* Build configuration list for PBXNativeTarget "ChouFleurClientTests" */ = {
			isa = XCConfigurationList;
			buildConfigurations = (
				4E9A236B192BFBDB005A0756 /* Debug */,
				4E9A236C192BFBDB005A0756 /* Release */,
			);
			defaultConfigurationIsVisible = 0;
		};
/* End XCConfigurationList section */
	};
	rootObject = 4E9A232D192BFBDB005A0756 /* Project object */;
}
